{
  "name": "@defich/jellyfish",
  "lockfileVersion": 2,
  "requires": true,
  "packages": {
    "": {
      "license": "MIT",
      "workspaces": [
        "./packages/*"
      ],
      "devDependencies": {}
    },
    "node_modules/@defichain/jellyfish": {
      "resolved": "packages/jellyfish",
      "link": true
    },
    "node_modules/@defichain/jellyfish-core": {
      "resolved": "packages/jellyfish-core",
      "link": true
    },
    "node_modules/@defichain/jellyfish-rpc": {
      "resolved": "packages/jellyfish-rpc",
      "link": true
    },
    "packages/jellyfish": {
      "version": "0.0.1",
      "license": "MIT"
    },
    "packages/jellyfish-core": {
      "version": "0.0.1",
      "license": "MIT"
    },
    "packages/jellyfish-rpc": {
      "version": "0.0.1",
      "license": "MIT"
    }
  },
  "dependencies": {
    "@defichain/jellyfish": {
      "version": "file:packages/jellyfish"
    },
    "@defichain/jellyfish-core": {
      "version": "file:packages/jellyfish-core"
    },
    "@defichain/jellyfish-rpc": {
      "version": "file:packages/jellyfish-rpc"
    }
  }
}
